
Microsoft Visual Studio Solution File, Format Version 12.00
# Visual Studio 15
VisualStudioVersion = 15.0.26430.15
MinimumVisualStudioVersion = 10.0.40219.1
Project("{FAE04EC0-301F-11D3-BF4B-00C04F79EFBC}") = "App.BLL", "App.BLL\App.BLL.csproj", "{E8909AA2-EA94-4B94-BD98-E797EB6FDD1E}"
EndProject
Project("{2150E333-8FDC-42A3-9474-1A3956D46DE8}") = "App.Base", "App.Base", "{B61981F9-03FF-4E82-B5FE-0C1A6DF6A50E}"
EndProject
Project("{FAE04EC0-301F-11D3-BF4B-00C04F79EFBC}") = "App.IBLL", "App.IBLL\App.IBLL.csproj", "{D2B07952-1C64-431B-8A85-A9322DA39C93}"
EndProject
Project("{FAE04EC0-301F-11D3-BF4B-00C04F79EFBC}") = "App.DAL", "App.DAL\App.DAL.csproj", "{F47E4782-0B58-49C6-83B6-4F2B06B8B15A}"
EndProject
Project("{FAE04EC0-301F-11D3-BF4B-00C04F79EFBC}") = "App.IDAL", "App.IDAL\App.IDAL.csproj", "{2089AF30-F6BE-4517-BE78-46752C913BC4}"
EndProject
Project("{FAE04EC0-301F-11D3-BF4B-00C04F79EFBC}") = "App.Models", "App.Models\App.Models.csproj", "{5079935E-C418-4EDE-A524-CFE6F5BBAF6C}"
EndProject
Project("{FAE04EC0-301F-11D3-BF4B-00C04F79EFBC}") = "App.Common", "App.Common\App.Common.csproj", "{553F5118-CDD8-4759-902F-E285104CF096}"
EndProject
Project("{FAE04EC0-301F-11D3-BF4B-00C04F79EFBC}") = "App.Core", "App.Core\App.Core.csproj", "{1643C16F-3AA6-428D-9535-F95DED94057E}"
EndProject
Project("{FAE04EC0-301F-11D3-BF4B-00C04F79EFBC}") = "App.Locale", "App.Locale\App.Locale.csproj", "{324113CA-DF63-4F2A-BA5C-67C3E0E1C7CF}"
EndProject
Project("{FAE04EC0-301F-11D3-BF4B-00C04F79EFBC}") = "App.WebApi", "App.WebApi\App.WebApi.csproj", "{3FC0699F-C8E3-4846-9329-7B5B28D3E83D}"
EndProject
Project("{FAE04EC0-301F-11D3-BF4B-00C04F79EFBC}") = "App.Web", "App.Web\App.Web.csproj", "{1BFA92E5-1C1B-4183-BB1E-E48B12180F4F}"
EndProject
Global
	GlobalSection(SolutionConfigurationPlatforms) = preSolution
		Debug|Any CPU = Debug|Any CPU
		Release|Any CPU = Release|Any CPU
	EndGlobalSection
	GlobalSection(ProjectConfigurationPlatforms) = postSolution
		{E8909AA2-EA94-4B94-BD98-E797EB6FDD1E}.Debug|Any CPU.ActiveCfg = Debug|Any CPU
		{E8909AA2-EA94-4B94-BD98-E797EB6FDD1E}.Debug|Any CPU.Build.0 = Debug|Any CPU
		{E8909AA2-EA94-4B94-BD98-E797EB6FDD1E}.Release|Any CPU.ActiveCfg = Release|Any CPU
		{E8909AA2-EA94-4B94-BD98-E797EB6FDD1E}.Release|Any CPU.Build.0 = Release|Any CPU
		{D2B07952-1C64-431B-8A85-A9322DA39C93}.Debug|Any CPU.ActiveCfg = Debug|Any CPU
		{D2B07952-1C64-431B-8A85-A9322DA39C93}.Debug|Any CPU.Build.0 = Debug|Any CPU
		{D2B07952-1C64-431B-8A85-A9322DA39C93}.Release|Any CPU.ActiveCfg = Release|Any CPU
		{D2B07952-1C64-431B-8A85-A9322DA39C93}.Release|Any CPU.Build.0 = Release|Any CPU
		{F47E4782-0B58-49C6-83B6-4F2B06B8B15A}.Debug|Any CPU.ActiveCfg = Debug|Any CPU
		{F47E4782-0B58-49C6-83B6-4F2B06B8B15A}.Debug|Any CPU.Build.0 = Debug|Any CPU
		{F47E4782-0B58-49C6-83B6-4F2B06B8B15A}.Release|Any CPU.ActiveCfg = Release|Any CPU
		{F47E4782-0B58-49C6-83B6-4F2B06B8B15A}.Release|Any CPU.Build.0 = Release|Any CPU
		{2089AF30-F6BE-4517-BE78-46752C913BC4}.Debug|Any CPU.ActiveCfg = Debug|Any CPU
		{2089AF30-F6BE-4517-BE78-46752C913BC4}.Debug|Any CPU.Build.0 = Debug|Any CPU
		{2089AF30-F6BE-4517-BE78-46752C913BC4}.Release|Any CPU.ActiveCfg = Release|Any CPU
		{2089AF30-F6BE-4517-BE78-46752C913BC4}.Release|Any CPU.Build.0 = Release|Any CPU
		{5079935E-C418-4EDE-A524-CFE6F5BBAF6C}.Debug|Any CPU.ActiveCfg = Debug|Any CPU
		{5079935E-C418-4EDE-A524-CFE6F5BBAF6C}.Debug|Any CPU.Build.0 = Debug|Any CPU
		{5079935E-C418-4EDE-A524-CFE6F5BBAF6C}.Release|Any CPU.ActiveCfg = Release|Any CPU
		{5079935E-C418-4EDE-A524-CFE6F5BBAF6C}.Release|Any CPU.Build.0 = Release|Any CPU
		{553F5118-CDD8-4759-902F-E285104CF096}.Debug|Any CPU.ActiveCfg = Debug|Any CPU
		{553F5118-CDD8-4759-902F-E285104CF096}.Debug|Any CPU.Build.0 = Debug|Any CPU
		{553F5118-CDD8-4759-902F-E285104CF096}.Release|Any CPU.ActiveCfg = Release|Any CPU
		{553F5118-CDD8-4759-902F-E285104CF096}.Release|Any CPU.Build.0 = Release|Any CPU
		{1643C16F-3AA6-428D-9535-F95DED94057E}.Debug|Any CPU.ActiveCfg = Debug|Any CPU
		{1643C16F-3AA6-428D-9535-F95DED94057E}.Debug|Any CPU.Build.0 = Debug|Any CPU
		{1643C16F-3AA6-428D-9535-F95DED94057E}.Release|Any CPU.ActiveCfg = Release|Any CPU
		{1643C16F-3AA6-428D-9535-F95DED94057E}.Release|Any CPU.Build.0 = Release|Any CPU
		{324113CA-DF63-4F2A-BA5C-67C3E0E1C7CF}.Debug|Any CPU.ActiveCfg = Debug|Any CPU
		{324113CA-DF63-4F2A-BA5C-67C3E0E1C7CF}.Debug|Any CPU.Build.0 = Debug|Any CPU
		{324113CA-DF63-4F2A-BA5C-67C3E0E1C7CF}.Release|Any CPU.ActiveCfg = Release|Any CPU
		{324113CA-DF63-4F2A-BA5C-67C3E0E1C7CF}.Release|Any CPU.Build.0 = Release|Any CPU
		{3FC0699F-C8E3-4846-9329-7B5B28D3E83D}.Debug|Any CPU.ActiveCfg = Debug|Any CPU
		{3FC0699F-C8E3-4846-9329-7B5B28D3E83D}.Debug|Any CPU.Build.0 = Debug|Any CPU
		{3FC0699F-C8E3-4846-9329-7B5B28D3E83D}.Release|Any CPU.ActiveCfg = Release|Any CPU
		{3FC0699F-C8E3-4846-9329-7B5B28D3E83D}.Release|Any CPU.Build.0 = Release|Any CPU
		{1BFA92E5-1C1B-4183-BB1E-E48B12180F4F}.Debug|Any CPU.ActiveCfg = Debug|Any CPU
		{1BFA92E5-1C1B-4183-BB1E-E48B12180F4F}.Debug|Any CPU.Build.0 = Debug|Any CPU
		{1BFA92E5-1C1B-4183-BB1E-E48B12180F4F}.Release|Any CPU.ActiveCfg = Release|Any CPU
		{1BFA92E5-1C1B-4183-BB1E-E48B12180F4F}.Release|Any CPU.Build.0 = Release|Any CPU
	EndGlobalSection
	GlobalSection(SolutionProperties) = preSolution
		HideSolutionNode = FALSE
	EndGlobalSection
	GlobalSection(NestedProjects) = preSolution
		{E8909AA2-EA94-4B94-BD98-E797EB6FDD1E} = {B61981F9-03FF-4E82-B5FE-0C1A6DF6A50E}
		{D2B07952-1C64-431B-8A85-A9322DA39C93} = {B61981F9-03FF-4E82-B5FE-0C1A6DF6A50E}
		{F47E4782-0B58-49C6-83B6-4F2B06B8B15A} = {B61981F9-03FF-4E82-B5FE-0C1A6DF6A50E}
		{2089AF30-F6BE-4517-BE78-46752C913BC4} = {B61981F9-03FF-4E82-B5FE-0C1A6DF6A50E}
	EndGlobalSection
EndGlobal
